
Microsoft Visual Studio Solution File, Format Version 12.00
# Visual Studio Version 16
VisualStudioVersion = 16.0.29519.181
MinimumVisualStudioVersion = 10.0.40219.1
Project("{FAE04EC0-301F-11D3-BF4B-00C04F79EFBC}") = "Es_Semaforo_Binario", "Es_Semaforo_Binario\Es_Semaforo_Binario.csproj", "{A8B1F1EF-1003-4D3D-AEDF-8166D1095ACB}"
EndProject
Global
	GlobalSection(SolutionConfigurationPlatforms) = preSolution
		Debug|Any CPU = Debug|Any CPU
		Release|Any CPU = Release|Any CPU
	EndGlobalSection
	GlobalSection(ProjectConfigurationPlatforms) = postSolution
		{A8B1F1EF-1003-4D3D-AEDF-8166D1095ACB}.Debug|Any CPU.ActiveCfg = Debug|Any CPU
		{A8B1F1EF-1003-4D3D-AEDF-8166D1095ACB}.Debug|Any CPU.Build.0 = Debug|Any CPU
		{A8B1F1EF-1003-4D3D-AEDF-8166D1095ACB}.Release|Any CPU.ActiveCfg = Release|Any CPU
		{A8B1F1EF-1003-4D3D-AEDF-8166D1095ACB}.Release|Any CPU.Build.0 = Release|Any CPU
	EndGlobalSection
	GlobalSection(SolutionProperties) = preSolution
		HideSolutionNode = FALSE
	EndGlobalSection
	GlobalSection(ExtensibilityGlobals) = postSolution
		SolutionGuid = {1A58461F-C2E1-4AC6-9C05-D1126D165F5D}
	EndGlobalSection
EndGlobal
